
Microsoft Visual Studio Solution File, Format Version 12.00
# Visual Studio Version 16
VisualStudioVersion = 16.0.30711.63
MinimumVisualStudioVersion = 10.0.40219.1
Project("{FAE04EC0-301F-11D3-BF4B-00C04F79EFBC}") = "Lab5", "Lab5\Lab5.csproj", "{E8A3F0DF-85C5-4A02-92F7-E0A220386988}"
EndProject
Project("{FAE04EC0-301F-11D3-BF4B-00C04F79EFBC}") = "Lab5b", "Lab5b\Lab5b.csproj", "{4801D57A-2A46-45C5-BA41-488B6C9F9F68}"
EndProject
Global
	GlobalSection(SolutionConfigurationPlatforms) = preSolution
		Debug|Any CPU = Debug|Any CPU
		Release|Any CPU = Release|Any CPU
	EndGlobalSection
	GlobalSection(ProjectConfigurationPlatforms) = postSolution
		{E8A3F0DF-85C5-4A02-92F7-E0A220386988}.Debug|Any CPU.ActiveCfg = Debug|Any CPU
		{E8A3F0DF-85C5-4A02-92F7-E0A220386988}.Debug|Any CPU.Build.0 = Debug|Any CPU
		{E8A3F0DF-85C5-4A02-92F7-E0A220386988}.Release|Any CPU.ActiveCfg = Release|Any CPU
		{E8A3F0DF-85C5-4A02-92F7-E0A220386988}.Release|Any CPU.Build.0 = Release|Any CPU
		{4801D57A-2A46-45C5-BA41-488B6C9F9F68}.Debug|Any CPU.ActiveCfg = Debug|Any CPU
		{4801D57A-2A46-45C5-BA41-488B6C9F9F68}.Debug|Any CPU.Build.0 = Debug|Any CPU
		{4801D57A-2A46-45C5-BA41-488B6C9F9F68}.Release|Any CPU.ActiveCfg = Release|Any CPU
		{4801D57A-2A46-45C5-BA41-488B6C9F9F68}.Release|Any CPU.Build.0 = Release|Any CPU
	EndGlobalSection
	GlobalSection(SolutionProperties) = preSolution
		HideSolutionNode = FALSE
	EndGlobalSection
	GlobalSection(ExtensibilityGlobals) = postSolution
		SolutionGuid = {F74A4C97-8A33-4660-B0A3-AD459E4EB67E}
	EndGlobalSection
EndGlobal
